// !$*UTF8*$!
{
	archiveVersion = 1;
	classes = {
	};
	objectVersion = 46;
	objects = {

/* Begin PBXBuildFile section */
		48AFBC1D2F1D67A800425870 /* DealEntity.swift in Sources */ = {isa = PBXBuildFile; fileRef = 48AFBC1C2F1D67A400425870 /* DealEntity.swift */; };
		48AFBC212F1D687B00425870 /* DataManagerInterface.swift in Sources */ = {isa = PBXBuildFile; fileRef = 48AFBC202F1D687300425870 /* DataManagerInterface.swift */; };
		48AFBC232F1D68F300425870 /* FetchDealsUseCase.swift in Sources */ = {isa = PBXBuildFile; fileRef = 48AFBC222F1D68EA00425870 /* FetchDealsUseCase.swift */; };
		48AFBC252F1D691700425870 /* GetDealDetailUseCase.swift in Sources */ = {isa = PBXBuildFile; fileRef = 48AFBC242F1D68FC00425870 /* GetDealDetailUseCase.swift */; };
		48AFBC272F1D692300425870 /* LoadImageUseCase.swift in Sources */ = {isa = PBXBuildFile; fileRef = 48AFBC262F1D691D00425870 /* LoadImageUseCase.swift */; };
		48AFBC292F1D75C100425870 /* DataManager.swift in Sources */ = {isa = PBXBuildFile; fileRef = 48AFBC282F1D75BF00425870 /* DataManager.swift */; };
		48AFBC2D2F1D762900425870 /* NetworkService.swift in Sources */ = {isa = PBXBuildFile; fileRef = 48AFBC2C2F1D762600425870 /* NetworkService.swift */; };
		48AFBC2F2F1D765C00425870 /* NetworkUtils.swift in Sources */ = {isa = PBXBuildFile; fileRef = 48AFBC2E2F1D765500425870 /* NetworkUtils.swift */; };
		48AFBC312F1D77D100425870 /* ImageCache.swift in Sources */ = {isa = PBXBuildFile; fileRef = 48AFBC302F1D77CE00425870 /* ImageCache.swift */; };
		48AFBC362F1DC00500425870 /* Coordinator.swift in Sources */ = {isa = PBXBuildFile; fileRef = 48AFBC352F1DBFFF00425870 /* Coordinator.swift */; };
		48AFBC382F1DC00C00425870 /* AppCoordinator.swift in Sources */ = {isa = PBXBuildFile; fileRef = 48AFBC372F1DC00800425870 /* AppCoordinator.swift */; };
		48AFBC3A2F1DC01700425870 /* DealsCoordinator.swift in Sources */ = {isa = PBXBuildFile; fileRef = 48AFBC392F1DC00F00425870 /* DealsCoordinator.swift */; };
		48AFBC3C2F1DC08E00425870 /* ImageLoader.swift in Sources */ = {isa = PBXBuildFile; fileRef = 48AFBC3B2F1DC08B00425870 /* ImageLoader.swift */; };
		48AFBC3E2F1DC18300425870 /* DealListViewController.swift in Sources */ = {isa = PBXBuildFile; fileRef = 48AFBC3D2F1DC16F00425870 /* DealListViewController.swift */; };
		48AFBC402F1DC18B00425870 /* DealListCell.swift in Sources */ = {isa = PBXBuildFile; fileRef = 48AFBC3F2F1DC18800425870 /* DealListCell.swift */; };
		48AFBC422F1E7A1400425870 /* ThemeManager.swift in Sources */ = {isa = PBXBuildFile; fileRef = 48AFBC412F1E7A1200425870 /* ThemeManager.swift */; };
		48AFBC452F1E7A7200425870 /* Theme.swift in Sources */ = {isa = PBXBuildFile; fileRef = 48AFBC442F1E7A7100425870 /* Theme.swift */; };
		48AFBC472F1E7BE500425870 /* TargetTheme.swift in Sources */ = {isa = PBXBuildFile; fileRef = 48AFBC462F1E7BE300425870 /* TargetTheme.swift */; };
		48AFBC492F1E7DB800425870 /* DealDetailView.swift in Sources */ = {isa = PBXBuildFile; fileRef = 48AFBC482F1E7DB100425870 /* DealDetailView.swift */; };
		48AFBC4B2F1E7E2200425870 /* DealDetailViewModel.swift in Sources */ = {isa = PBXBuildFile; fileRef = 48AFBC4A2F1E7E1E00425870 /* DealDetailViewModel.swift */; };
		48AFBC4D2F1E81B500425870 /* Strings.swift in Sources */ = {isa = PBXBuildFile; fileRef = 48AFBC4C2F1E81B400425870 /* Strings.swift */; };
		48AFBC502F1E824F00425870 /* Localizable.xcstrings in Resources */ = {isa = PBXBuildFile; fileRef = 48AFBC4F2F1E824F00425870 /* Localizable.xcstrings */; };
		48AFBC522F1E8AB600425870 /* DealEntity+Extension.swift in Sources */ = {isa = PBXBuildFile; fileRef = 48AFBC512F1E8AAE00425870 /* DealEntity+Extension.swift */; };
		48AFBC542F1E8D2100425870 /* ContentUnavailableView.swift in Sources */ = {isa = PBXBuildFile; fileRef = 48AFBC532F1E8D1900425870 /* ContentUnavailableView.swift */; };
		48AFBC562F1E970600425870 /* DealsAssembler.swift in Sources */ = {isa = PBXBuildFile; fileRef = 48AFBC552F1E96F400425870 /* DealsAssembler.swift */; };
		48AFBC582F1E979900425870 /* DealListViewModel.swift in Sources */ = {isa = PBXBuildFile; fileRef = 48AFBC572F1E978E00425870 /* DealListViewModel.swift */; };
		48AFBC5A2F1EA4DA00425870 /* CollectionViewLayout.swift in Sources */ = {isa = PBXBuildFile; fileRef = 48AFBC592F1EA4D600425870 /* CollectionViewLayout.swift */; };
		48AFBC5D2F1F000100425870 /* DealListViewModelTests.swift in Sources */ = {isa = PBXBuildFile; fileRef = 48AFBC5E2F1F000100425870 /* DealListViewModelTests.swift */; };
		48AFBC5E2F1FD6D300425870 /* DealDetailHostingController.swift in Sources */ = {isa = PBXBuildFile; fileRef = 48AFBC5D2F1FD6CC00425870 /* DealDetailHostingController.swift */; };
		48AFBC5F2F1F000200425870 /* DealDetailViewModelTests.swift in Sources */ = {isa = PBXBuildFile; fileRef = 48AFBC602F1F000200425870 /* DealDetailViewModelTests.swift */; };
		48AFBC612F1F000300425870 /* MockUseCases.swift in Sources */ = {isa = PBXBuildFile; fileRef = 48AFBC622F1F000300425870 /* MockUseCases.swift */; };
		48AFBC632F1F000400425870 /* TestData.swift in Sources */ = {isa = PBXBuildFile; fileRef = 48AFBC642F1F000400425870 /* TestData.swift */; };
		48AFBC662F20A00100425870 /* AccessibilityIdentifiers.swift in Sources */ = {isa = PBXBuildFile; fileRef = 48AFBC672F20A00100425870 /* AccessibilityIdentifiers.swift */; };
		48AFBC6A2F210A0000425870 /* Logger.swift in Sources */ = {isa = PBXBuildFile; fileRef = 48AFBC6B2F210A0000425870 /* Logger.swift */; };
		48EC29B02F1FE5BC00F2E8B7 /* DealDetailView+Previews.swift in Sources */ = {isa = PBXBuildFile; fileRef = 48EC29AF2F1FE5B500F2E8B7 /* DealDetailView+Previews.swift */; };
		5B259CCA1D6630E0001D755F /* AppDelegate.swift in Sources */ = {isa = PBXBuildFile; fileRef = 5B259CC91D6630E0001D755F /* AppDelegate.swift */; };
		5B259CD11D6630E0001D755F /* Assets.xcassets in Resources */ = {isa = PBXBuildFile; fileRef = 5B259CD01D6630E0001D755F /* Assets.xcassets */; };
		5B259CD41D6630E0001D755F /* LaunchScreen.storyboard in Resources */ = {isa = PBXBuildFile; fileRef = 5B259CD21D6630E0001D755F /* LaunchScreen.storyboard */; };
		96D6F5F6280EE0C0009338BF /* Autolayout.swift in Sources */ = {isa = PBXBuildFile; fileRef = 96D6F5F5280EE0C0009338BF /* Autolayout.swift */; };
		96D6F5FD280F47B0009338BF /* UIColor+Helpers.swift in Sources */ = {isa = PBXBuildFile; fileRef = 96D6F5FB280F47B0009338BF /* UIColor+Helpers.swift */; };
		96D6F5FE280F47B0009338BF /* UIFont+Helpers.swift in Sources */ = {isa = PBXBuildFile; fileRef = 96D6F5FC280F47B0009338BF /* UIFont+Helpers.swift */; };
/* End PBXBuildFile section */

/* Begin PBXContainerItemProxy section */
		9636D41B27FF77E700FE8106 /* PBXContainerItemProxy */ = {
			isa = PBXContainerItemProxy;
			containerPortal = 5B259CBE1D6630E0001D755F /* Project object */;
			proxyType = 1;
			remoteGlobalIDString = 5B259CC51D6630E0001D755F;
			remoteInfo = ProductViewer;
		};
/* End PBXContainerItemProxy section */

/* Begin PBXFileReference section */
		48AFBC1C2F1D67A400425870 /* DealEntity.swift */ = {isa = PBXFileReference; lastKnownFileType = sourcecode.swift; path = DealEntity.swift; sourceTree = "<group>"; };
		48AFBC202F1D687300425870 /* DataManagerInterface.swift */ = {isa = PBXFileReference; lastKnownFileType = sourcecode.swift; path = DataManagerInterface.swift; sourceTree = "<group>"; };
		48AFBC222F1D68EA00425870 /* FetchDealsUseCase.swift */ = {isa = PBXFileReference; lastKnownFileType = sourcecode.swift; path = FetchDealsUseCase.swift; sourceTree = "<group>"; };
		48AFBC242F1D68FC00425870 /* GetDealDetailUseCase.swift */ = {isa = PBXFileReference; lastKnownFileType = sourcecode.swift; path = GetDealDetailUseCase.swift; sourceTree = "<group>"; };
		48AFBC262F1D691D00425870 /* LoadImageUseCase.swift */ = {isa = PBXFileReference; lastKnownFileType = sourcecode.swift; path = LoadImageUseCase.swift; sourceTree = "<group>"; };
		48AFBC282F1D75BF00425870 /* DataManager.swift */ = {isa = PBXFileReference; lastKnownFileType = sourcecode.swift; path = DataManager.swift; sourceTree = "<group>"; };
		48AFBC2C2F1D762600425870 /* NetworkService.swift */ = {isa = PBXFileReference; lastKnownFileType = sourcecode.swift; path = NetworkService.swift; sourceTree = "<group>"; };
		48AFBC2E2F1D765500425870 /* NetworkUtils.swift */ = {isa = PBXFileReference; lastKnownFileType = sourcecode.swift; path = NetworkUtils.swift; sourceTree = "<group>"; };
		48AFBC302F1D77CE00425870 /* ImageCache.swift */ = {isa = PBXFileReference; lastKnownFileType = sourcecode.swift; path = ImageCache.swift; sourceTree = "<group>"; };
		48AFBC352F1DBFFF00425870 /* Coordinator.swift */ = {isa = PBXFileReference; lastKnownFileType = sourcecode.swift; path = Coordinator.swift; sourceTree = "<group>"; };
		48AFBC372F1DC00800425870 /* AppCoordinator.swift */ = {isa = PBXFileReference; lastKnownFileType = sourcecode.swift; path = AppCoordinator.swift; sourceTree = "<group>"; };
		48AFBC392F1DC00F00425870 /* DealsCoordinator.swift */ = {isa = PBXFileReference; lastKnownFileType = sourcecode.swift; path = DealsCoordinator.swift; sourceTree = "<group>"; };
		48AFBC3B2F1DC08B00425870 /* ImageLoader.swift */ = {isa = PBXFileReference; lastKnownFileType = sourcecode.swift; path = ImageLoader.swift; sourceTree = "<group>"; };
		48AFBC3D2F1DC16F00425870 /* DealListViewController.swift */ = {isa = PBXFileReference; lastKnownFileType = sourcecode.swift; path = DealListViewController.swift; sourceTree = "<group>"; };
		48AFBC3F2F1DC18800425870 /* DealListCell.swift */ = {isa = PBXFileReference; lastKnownFileType = sourcecode.swift; path = DealListCell.swift; sourceTree = "<group>"; };
		48AFBC412F1E7A1200425870 /* ThemeManager.swift */ = {isa = PBXFileReference; lastKnownFileType = sourcecode.swift; path = ThemeManager.swift; sourceTree = "<group>"; };
		48AFBC442F1E7A7100425870 /* Theme.swift */ = {isa = PBXFileReference; lastKnownFileType = sourcecode.swift; path = Theme.swift; sourceTree = "<group>"; };
		48AFBC462F1E7BE300425870 /* TargetTheme.swift */ = {isa = PBXFileReference; lastKnownFileType = sourcecode.swift; path = TargetTheme.swift; sourceTree = "<group>"; };
		48AFBC482F1E7DB100425870 /* DealDetailView.swift */ = {isa = PBXFileReference; lastKnownFileType = sourcecode.swift; path = DealDetailView.swift; sourceTree = "<group>"; };
		48AFBC4A2F1E7E1E00425870 /* DealDetailViewModel.swift */ = {isa = PBXFileReference; lastKnownFileType = sourcecode.swift; path = DealDetailViewModel.swift; sourceTree = "<group>"; };
		48AFBC4C2F1E81B400425870 /* Strings.swift */ = {isa = PBXFileReference; lastKnownFileType = sourcecode.swift; path = Strings.swift; sourceTree = "<group>"; };
		48AFBC4F2F1E824F00425870 /* Localizable.xcstrings */ = {isa = PBXFileReference; lastKnownFileType = text.json.xcstrings; path = Localizable.xcstrings; sourceTree = "<group>"; };
		48AFBC512F1E8AAE00425870 /* DealEntity+Extension.swift */ = {isa = PBXFileReference; lastKnownFileType = sourcecode.swift; path = "DealEntity+Extension.swift"; sourceTree = "<group>"; };
		48AFBC532F1E8D1900425870 /* ContentUnavailableView.swift */ = {isa = PBXFileReference; lastKnownFileType = sourcecode.swift; path = ContentUnavailableView.swift; sourceTree = "<group>"; };
		48AFBC552F1E96F400425870 /* DealsAssembler.swift */ = {isa = PBXFileReference; lastKnownFileType = sourcecode.swift; path = DealsAssembler.swift; sourceTree = "<group>"; };
		48AFBC572F1E978E00425870 /* DealListViewModel.swift */ = {isa = PBXFileReference; lastKnownFileType = sourcecode.swift; path = DealListViewModel.swift; sourceTree = "<group>"; };
		48AFBC592F1EA4D600425870 /* CollectionViewLayout.swift */ = {isa = PBXFileReference; lastKnownFileType = sourcecode.swift; path = CollectionViewLayout.swift; sourceTree = "<group>"; };
		48AFBC5D2F1FD6CC00425870 /* DealDetailHostingController.swift */ = {isa = PBXFileReference; lastKnownFileType = sourcecode.swift; path = DealDetailHostingController.swift; sourceTree = "<group>"; };
		48AFBC5E2F1F000100425870 /* DealListViewModelTests.swift */ = {isa = PBXFileReference; lastKnownFileType = sourcecode.swift; path = DealListViewModelTests.swift; sourceTree = "<group>"; };
		48AFBC602F1F000200425870 /* DealDetailViewModelTests.swift */ = {isa = PBXFileReference; lastKnownFileType = sourcecode.swift; path = DealDetailViewModelTests.swift; sourceTree = "<group>"; };
		48AFBC622F1F000300425870 /* MockUseCases.swift */ = {isa = PBXFileReference; lastKnownFileType = sourcecode.swift; path = MockUseCases.swift; sourceTree = "<group>"; };
		48AFBC642F1F000400425870 /* TestData.swift */ = {isa = PBXFileReference; lastKnownFileType = sourcecode.swift; path = TestData.swift; sourceTree = "<group>"; };
		48AFBC672F20A00100425870 /* AccessibilityIdentifiers.swift */ = {isa = PBXFileReference; lastKnownFileType = sourcecode.swift; path = AccessibilityIdentifiers.swift; sourceTree = "<group>"; };
		48AFBC6B2F210A0000425870 /* Logger.swift */ = {isa = PBXFileReference; lastKnownFileType = sourcecode.swift; path = Logger.swift; sourceTree = "<group>"; };
		48EC29AF2F1FE5B500F2E8B7 /* DealDetailView+Previews.swift */ = {isa = PBXFileReference; lastKnownFileType = sourcecode.swift; path = "DealDetailView+Previews.swift"; sourceTree = "<group>"; };
		5B259CC61D6630E0001D755F /* ProductViewer.app */ = {isa = PBXFileReference; explicitFileType = wrapper.application; includeInIndex = 0; path = ProductViewer.app; sourceTree = BUILT_PRODUCTS_DIR; };
		5B259CC91D6630E0001D755F /* AppDelegate.swift */ = {isa = PBXFileReference; lastKnownFileType = sourcecode.swift; path = AppDelegate.swift; sourceTree = "<group>"; };
		5B259CD01D6630E0001D755F /* Assets.xcassets */ = {isa = PBXFileReference; lastKnownFileType = folder.assetcatalog; path = Assets.xcassets; sourceTree = "<group>"; };
		5B259CD31D6630E0001D755F /* Base */ = {isa = PBXFileReference; lastKnownFileType = file.storyboard; name = Base; path = Base.lproj/LaunchScreen.storyboard; sourceTree = "<group>"; };
		5B259CD51D6630E0001D755F /* Info.plist */ = {isa = PBXFileReference; lastKnownFileType = text.plist.xml; path = Info.plist; sourceTree = "<group>"; };
		9636D41727FF77E700FE8106 /* ProductViewerTests.xctest */ = {isa = PBXFileReference; explicitFileType = wrapper.cfbundle; includeInIndex = 0; path = ProductViewerTests.xctest; sourceTree = BUILT_PRODUCTS_DIR; };
		96D6F5F5280EE0C0009338BF /* Autolayout.swift */ = {isa = PBXFileReference; lastKnownFileType = sourcecode.swift; path = Autolayout.swift; sourceTree = "<group>"; };
		96D6F5FB280F47B0009338BF /* UIColor+Helpers.swift */ = {isa = PBXFileReference; fileEncoding = 4; lastKnownFileType = sourcecode.swift; path = "UIColor+Helpers.swift"; sourceTree = "<group>"; };
		96D6F5FC280F47B0009338BF /* UIFont+Helpers.swift */ = {isa = PBXFileReference; fileEncoding = 4; lastKnownFileType = sourcecode.swift; path = "UIFont+Helpers.swift"; sourceTree = "<group>"; };
/* End PBXFileReference section */

/* Begin PBXFrameworksBuildPhase section */
		5B259CC31D6630E0001D755F /* Frameworks */ = {
			isa = PBXFrameworksBuildPhase;
			buildActionMask = 2147483647;
			files = (
			);
			runOnlyForDeploymentPostprocessing = 0;
		};
		9636D41427FF77E700FE8106 /* Frameworks */ = {
			isa = PBXFrameworksBuildPhase;
			buildActionMask = 2147483647;
			files = (
			);
			runOnlyForDeploymentPostprocessing = 0;
		};
/* End PBXFrameworksBuildPhase section */

/* Begin PBXGroup section */
		48AFBC182F1D674000425870 /* Presentation */ = {
			isa = PBXGroup;
			children = (
				48AFBC552F1E96F400425870 /* DealsAssembler.swift */,
				48AFBC4E2F1E821600425870 /* Strings */,
				48AFBC432F1E7A6D00425870 /* Theme */,
				48AFBC342F1DBFEA00425870 /* Coordinators */,
				48AFBC332F1D78F800425870 /* ViewModel */,
				48AFBC322F1D78ED00425870 /* View */,
			);
			path = Presentation;
			sourceTree = "<group>";
		};
		48AFBC192F1D674A00425870 /* Data */ = {
			isa = PBXGroup;
			children = (
				48AFBC282F1D75BF00425870 /* DataManager.swift */,
				48AFBC2B2F1D760500425870 /* Cache */,
				48AFBC2A2F1D760000425870 /* Network */,
			);
			path = Data;
			sourceTree = "<group>";
		};
		48AFBC1A2F1D675C00425870 /* Domain */ = {
			isa = PBXGroup;
			children = (
				48AFBC1F2F1D685300425870 /* UseCases */,
				48AFBC1B2F1D679A00425870 /* Entities */,
				48AFBC1E2F1D683F00425870 /* Interfaces */,
			);
			path = Domain;
			sourceTree = "<group>";
		};
		48AFBC1B2F1D679A00425870 /* Entities */ = {
			isa = PBXGroup;
			children = (
				48AFBC1C2F1D67A400425870 /* DealEntity.swift */,
			);
			path = Entities;
			sourceTree = "<group>";
		};
		48AFBC1E2F1D683F00425870 /* Interfaces */ = {
			isa = PBXGroup;
			children = (
				48AFBC202F1D687300425870 /* DataManagerInterface.swift */,
			);
			path = Interfaces;
			sourceTree = "<group>";
		};
		48AFBC1F2F1D685300425870 /* UseCases */ = {
			isa = PBXGroup;
			children = (
				48AFBC262F1D691D00425870 /* LoadImageUseCase.swift */,
				48AFBC242F1D68FC00425870 /* GetDealDetailUseCase.swift */,
				48AFBC222F1D68EA00425870 /* FetchDealsUseCase.swift */,
			);
			path = UseCases;
			sourceTree = "<group>";
		};
		48AFBC2A2F1D760000425870 /* Network */ = {
			isa = PBXGroup;
			children = (
				48AFBC2E2F1D765500425870 /* NetworkUtils.swift */,
				48AFBC2C2F1D762600425870 /* NetworkService.swift */,
			);
			path = Network;
			sourceTree = "<group>";
		};
		48AFBC2B2F1D760500425870 /* Cache */ = {
			isa = PBXGroup;
			children = (
				48AFBC302F1D77CE00425870 /* ImageCache.swift */,
			);
			path = Cache;
			sourceTree = "<group>";
		};
		48AFBC322F1D78ED00425870 /* View */ = {
			isa = PBXGroup;
			children = (
				48AFBC532F1E8D1900425870 /* ContentUnavailableView.swift */,
				48AFBC5C2F1EDA8500425870 /* ListView */,
				48AFBC5B2F1EDA5900425870 /* DetailView */,
			);
			path = View;
			sourceTree = "<group>";
		};
		48AFBC332F1D78F800425870 /* ViewModel */ = {
			isa = PBXGroup;
			children = (
				48AFBC572F1E978E00425870 /* DealListViewModel.swift */,
				48AFBC4A2F1E7E1E00425870 /* DealDetailViewModel.swift */,
			);
			path = ViewModel;
			sourceTree = "<group>";
		};
		48AFBC342F1DBFEA00425870 /* Coordinators */ = {
			isa = PBXGroup;
			children = (
				48AFBC352F1DBFFF00425870 /* Coordinator.swift */,
				48AFBC372F1DC00800425870 /* AppCoordinator.swift */,
				48AFBC392F1DC00F00425870 /* DealsCoordinator.swift */,
			);
			path = Coordinators;
			sourceTree = "<group>";
		};
		48AFBC432F1E7A6D00425870 /* Theme */ = {
			isa = PBXGroup;
			children = (
				48AFBC462F1E7BE300425870 /* TargetTheme.swift */,
				48AFBC442F1E7A7100425870 /* Theme.swift */,
				48AFBC412F1E7A1200425870 /* ThemeManager.swift */,
			);
			path = Theme;
			sourceTree = "<group>";
		};
		48AFBC4E2F1E821600425870 /* Strings */ = {
			isa = PBXGroup;
			children = (
				48AFBC4C2F1E81B400425870 /* Strings.swift */,
				48AFBC4F2F1E824F00425870 /* Localizable.xcstrings */,
			);
			path = Strings;
			sourceTree = "<group>";
		};
		48AFBC5B2F1EDA5900425870 /* DetailView */ = {
			isa = PBXGroup;
			children = (
				48AFBC5D2F1FD6CC00425870 /* DealDetailHostingController.swift */,
				48AFBC482F1E7DB100425870 /* DealDetailView.swift */,
				48EC29AF2F1FE5B500F2E8B7 /* DealDetailView+Previews.swift */,
			);
			path = DetailView;
			sourceTree = "<group>";
		};
		48AFBC5C2F1EDA8500425870 /* ListView */ = {
			isa = PBXGroup;
			children = (
				48AFBC3D2F1DC16F00425870 /* DealListViewController.swift */,
				48AFBC592F1EA4D600425870 /* CollectionViewLayout.swift */,
				48AFBC3F2F1DC18800425870 /* DealListCell.swift */,
			);
			path = ListView;
			sourceTree = "<group>";
		};
		48AFBC652F1F000500425870 /* Mocks */ = {
			isa = PBXGroup;
			children = (
				48AFBC622F1F000300425870 /* MockUseCases.swift */,
				48AFBC642F1F000400425870 /* TestData.swift */,
			);
			path = Mocks;
			sourceTree = "<group>";
		};
		5B259CBD1D6630E0001D755F = {
			isa = PBXGroup;
			children = (
				5B259CC81D6630E0001D755F /* ProductViewer */,
				9636D41827FF77E700FE8106 /* ProductViewerTests */,
				5B259CC71D6630E0001D755F /* Products */,
			);
			sourceTree = "<group>";
		};
		5B259CC71D6630E0001D755F /* Products */ = {
			isa = PBXGroup;
			children = (
				5B259CC61D6630E0001D755F /* ProductViewer.app */,
				9636D41727FF77E700FE8106 /* ProductViewerTests.xctest */,
			);
			name = Products;
			sourceTree = "<group>";
		};
		5B259CC81D6630E0001D755F /* ProductViewer */ = {
			isa = PBXGroup;
			children = (
				5B259CC91D6630E0001D755F /* AppDelegate.swift */,
				48AFBC182F1D674000425870 /* Presentation */,
				48AFBC512F1E8AAE00425870 /* DealEntity+Extension.swift */,
				48AFBC3B2F1DC08B00425870 /* ImageLoader.swift */,
				48AFBC1A2F1D675C00425870 /* Domain */,
				48AFBC192F1D674A00425870 /* Data */,
				96D6F5F4280EE0B2009338BF /* Helpers */,
				5B259CD01D6630E0001D755F /* Assets.xcassets */,
				5B259CD21D6630E0001D755F /* LaunchScreen.storyboard */,
				5B259CD51D6630E0001D755F /* Info.plist */,
			);
			path = ProductViewer;
			sourceTree = "<group>";
		};
		9636D41827FF77E700FE8106 /* ProductViewerTests */ = {
			isa = PBXGroup;
			children = (
				48AFBC652F1F000500425870 /* Mocks */,
				48AFBC5E2F1F000100425870 /* DealListViewModelTests.swift */,
				48AFBC602F1F000200425870 /* DealDetailViewModelTests.swift */,
			);
			path = ProductViewerTests;
			sourceTree = "<group>";
		};
		96D6F5F4280EE0B2009338BF /* Helpers */ = {
			isa = PBXGroup;
			children = (
				48AFBC6B2F210A0000425870 /* Logger.swift */,
				48AFBC672F20A00100425870 /* AccessibilityIdentifiers.swift */,
				96D6F5FB280F47B0009338BF /* UIColor+Helpers.swift */,
				96D6F5FC280F47B0009338BF /* UIFont+Helpers.swift */,
				96D6F5F5280EE0C0009338BF /* Autolayout.swift */,
			);
			path = Helpers;
			sourceTree = "<group>";
		};
/* End PBXGroup section */

/* Begin PBXNativeTarget section */
		5B259CC51D6630E0001D755F /* ProductViewer */ = {
			isa = PBXNativeTarget;
			buildConfigurationList = 5B259CD81D6630E0001D755F /* Build configuration list for PBXNativeTarget "ProductViewer" */;
			buildPhases = (
				5B259CC21D6630E0001D755F /* Sources */,
				5B259CC31D6630E0001D755F /* Frameworks */,
				5B259CC41D6630E0001D755F /* Resources */,
			);
			buildRules = (
			);
			dependencies = (
			);
			name = ProductViewer;
			productName = ProductViewer;
			productReference = 5B259CC61D6630E0001D755F /* ProductViewer.app */;
			productType = "com.apple.product-type.application";
		};
		9636D41627FF77E700FE8106 /* ProductViewerTests */ = {
			isa = PBXNativeTarget;
			buildConfigurationList = 9636D41F27FF77E700FE8106 /* Build configuration list for PBXNativeTarget "ProductViewerTests" */;
			buildPhases = (
				9636D41327FF77E700FE8106 /* Sources */,
				9636D41427FF77E700FE8106 /* Frameworks */,
				9636D41527FF77E700FE8106 /* Resources */,
			);
			buildRules = (
			);
			dependencies = (
				9636D41C27FF77E700FE8106 /* PBXTargetDependency */,
			);
			name = ProductViewerTests;
			productName = ProductViewerTests;
			productReference = 9636D41727FF77E700FE8106 /* ProductViewerTests.xctest */;
			productType = "com.apple.product-type.bundle.unit-test";
		};
/* End PBXNativeTarget section */

/* Begin PBXProject section */
		5B259CBE1D6630E0001D755F /* Project object */ = {
			isa = PBXProject;
			attributes = {
				LastSwiftUpdateCheck = 1330;
				LastUpgradeCheck = 1250;
				ORGANIZATIONNAME = Target;
				TargetAttributes = {
					5B259CC51D6630E0001D755F = {
						CreatedOnToolsVersion = 7.3.1;
						LastSwiftMigration = 0830;
						ProvisioningStyle = Manual;
					};
					9636D41627FF77E700FE8106 = {
						CreatedOnToolsVersion = 13.3;
						ProvisioningStyle = Automatic;
						TestTargetID = 5B259CC51D6630E0001D755F;
					};
				};
			};
			buildConfigurationList = 5B259CC11D6630E0001D755F /* Build configuration list for PBXProject "ProductViewer" */;
			compatibilityVersion = "Xcode 3.2";
			developmentRegion = en;
			hasScannedForEncodings = 0;
			knownRegions = (
				en,
				Base,
			);
			mainGroup = 5B259CBD1D6630E0001D755F;
			productRefGroup = 5B259CC71D6630E0001D755F /* Products */;
			projectDirPath = "";
			projectRoot = "";
			targets = (
				5B259CC51D6630E0001D755F /* ProductViewer */,
				9636D41627FF77E700FE8106 /* ProductViewerTests */,
			);
		};
/* End PBXProject section */

/* Begin PBXResourcesBuildPhase section */
		5B259CC41D6630E0001D755F /* Resources */ = {
			isa = PBXResourcesBuildPhase;
			buildActionMask = 2147483647;
			files = (
				5B259CD41D6630E0001D755F /* LaunchScreen.storyboard in Resources */,
				5B259CD11D6630E0001D755F /* Assets.xcassets in Resources */,
				48AFBC502F1E824F00425870 /* Localizable.xcstrings in Resources */,
			);
			runOnlyForDeploymentPostprocessing = 0;
		};
		9636D41527FF77E700FE8106 /* Resources */ = {
			isa = PBXResourcesBuildPhase;
			buildActionMask = 2147483647;
			files = (
			);
			runOnlyForDeploymentPostprocessing = 0;
		};
/* End PBXResourcesBuildPhase section */

/* Begin PBXSourcesBuildPhase section */
		5B259CC21D6630E0001D755F /* Sources */ = {
			isa = PBXSourcesBuildPhase;
			buildActionMask = 2147483647;
			files = (
				48AFBC6A2F210A0000425870 /* Logger.swift in Sources */,
				48AFBC662F20A00100425870 /* AccessibilityIdentifiers.swift in Sources */,
				48AFBC522F1E8AB600425870 /* DealEntity+Extension.swift in Sources */,
				48AFBC422F1E7A1400425870 /* ThemeManager.swift in Sources */,
				48EC29B02F1FE5BC00F2E8B7 /* DealDetailView+Previews.swift in Sources */,
				48AFBC232F1D68F300425870 /* FetchDealsUseCase.swift in Sources */,
				48AFBC272F1D692300425870 /* LoadImageUseCase.swift in Sources */,
				48AFBC562F1E970600425870 /* DealsAssembler.swift in Sources */,
				48AFBC3C2F1DC08E00425870 /* ImageLoader.swift in Sources */,
				48AFBC5A2F1EA4DA00425870 /* CollectionViewLayout.swift in Sources */,
				48AFBC542F1E8D2100425870 /* ContentUnavailableView.swift in Sources */,
				48AFBC312F1D77D100425870 /* ImageCache.swift in Sources */,
				5B259CCA1D6630E0001D755F /* AppDelegate.swift in Sources */,
				48AFBC4D2F1E81B500425870 /* Strings.swift in Sources */,
				96D6F5FD280F47B0009338BF /* UIColor+Helpers.swift in Sources */,
				96D6F5F6280EE0C0009338BF /* Autolayout.swift in Sources */,
				48AFBC382F1DC00C00425870 /* AppCoordinator.swift in Sources */,
				48AFBC452F1E7A7200425870 /* Theme.swift in Sources */,
				48AFBC252F1D691700425870 /* GetDealDetailUseCase.swift in Sources */,
				48AFBC2D2F1D762900425870 /* NetworkService.swift in Sources */,
				48AFBC5E2F1FD6D300425870 /* DealDetailHostingController.swift in Sources */,
				48AFBC582F1E979900425870 /* DealListViewModel.swift in Sources */,
				48AFBC3A2F1DC01700425870 /* DealsCoordinator.swift in Sources */,
				48AFBC3E2F1DC18300425870 /* DealListViewController.swift in Sources */,
				48AFBC2F2F1D765C00425870 /* NetworkUtils.swift in Sources */,
				48AFBC472F1E7BE500425870 /* TargetTheme.swift in Sources */,
				48AFBC362F1DC00500425870 /* Coordinator.swift in Sources */,
				96D6F5FE280F47B0009338BF /* UIFont+Helpers.swift in Sources */,
				48AFBC4B2F1E7E2200425870 /* DealDetailViewModel.swift in Sources */,
				48AFBC402F1DC18B00425870 /* DealListCell.swift in Sources */,
				48AFBC1D2F1D67A800425870 /* DealEntity.swift in Sources */,
				48AFBC492F1E7DB800425870 /* DealDetailView.swift in Sources */,
				48AFBC292F1D75C100425870 /* DataManager.swift in Sources */,
				48AFBC212F1D687B00425870 /* DataManagerInterface.swift in Sources */,
			);
			runOnlyForDeploymentPostprocessing = 0;
		};
		9636D41327FF77E700FE8106 /* Sources */ = {
			isa = PBXSourcesBuildPhase;
			buildActionMask = 2147483647;
			files = (
				48AFBC5D2F1F000100425870 /* DealListViewModelTests.swift in Sources */,
				48AFBC5F2F1F000200425870 /* DealDetailViewModelTests.swift in Sources */,
				48AFBC612F1F000300425870 /* MockUseCases.swift in Sources */,
				48AFBC632F1F000400425870 /* TestData.swift in Sources */,
			);
			runOnlyForDeploymentPostprocessing = 0;
		};
/* End PBXSourcesBuildPhase section */

/* Begin PBXTargetDependency section */
		9636D41C27FF77E700FE8106 /* PBXTargetDependency */ = {
			isa = PBXTargetDependency;
			target = 5B259CC51D6630E0001D755F /* ProductViewer */;
			targetProxy = 9636D41B27FF77E700FE8106 /* PBXContainerItemProxy */;
		};
/* End PBXTargetDependency section */

/* Begin PBXVariantGroup section */
		5B259CD21D6630E0001D755F /* LaunchScreen.storyboard */ = {
			isa = PBXVariantGroup;
			children = (
				5B259CD31D6630E0001D755F /* Base */,
			);
			name = LaunchScreen.storyboard;
			sourceTree = "<group>";
		};
/* End PBXVariantGroup section */

/* Begin XCBuildConfiguration section */
		5B259CD61D6630E0001D755F /* Debug */ = {
			isa = XCBuildConfiguration;
			buildSettings = {
				ALWAYS_SEARCH_USER_PATHS = NO;
				CLANG_ANALYZER_NONNULL = YES;
				CLANG_CXX_LANGUAGE_STANDARD = "gnu++0x";
				CLANG_CXX_LIBRARY = "libc++";
				CLANG_ENABLE_MODULES = YES;
				CLANG_ENABLE_OBJC_ARC = YES;
				CLANG_WARN_BLOCK_CAPTURE_AUTORELEASING = YES;
				CLANG_WARN_BOOL_CONVERSION = YES;
				CLANG_WARN_COMMA = YES;
				CLANG_WARN_CONSTANT_CONVERSION = YES;
				CLANG_WARN_DEPRECATED_OBJC_IMPLEMENTATIONS = YES;
				CLANG_WARN_DIRECT_OBJC_ISA_USAGE = YES_ERROR;
				CLANG_WARN_EMPTY_BODY = YES;
				CLANG_WARN_ENUM_CONVERSION = YES;
				CLANG_WARN_INFINITE_RECURSION = YES;
				CLANG_WARN_INT_CONVERSION = YES;
				CLANG_WARN_NON_LITERAL_NULL_CONVERSION = YES;
				CLANG_WARN_OBJC_IMPLICIT_RETAIN_SELF = YES;
				CLANG_WARN_OBJC_LITERAL_CONVERSION = YES;
				CLANG_WARN_OBJC_ROOT_CLASS = YES_ERROR;
				CLANG_WARN_QUOTED_INCLUDE_IN_FRAMEWORK_HEADER = YES;
				CLANG_WARN_RANGE_LOOP_ANALYSIS = YES;
				CLANG_WARN_STRICT_PROTOTYPES = YES;
				CLANG_WARN_SUSPICIOUS_MOVE = YES;
				CLANG_WARN_UNREACHABLE_CODE = YES;
				CLANG_WARN__DUPLICATE_METHOD_MATCH = YES;
				"CODE_SIGN_IDENTITY[sdk=iphoneos*]" = "iPhone Developer";
				COPY_PHASE_STRIP = NO;
				DEBUG_INFORMATION_FORMAT = dwarf;
				ENABLE_STRICT_OBJC_MSGSEND = YES;
				ENABLE_TESTABILITY = YES;
				GCC_C_LANGUAGE_STANDARD = gnu99;
				GCC_DYNAMIC_NO_PIC = NO;
				GCC_NO_COMMON_BLOCKS = YES;
				GCC_OPTIMIZATION_LEVEL = 0;
				GCC_PREPROCESSOR_DEFINITIONS = (
					"DEBUG=1",
					"$(inherited)",
				);
				GCC_WARN_64_TO_32_BIT_CONVERSION = YES;
				GCC_WARN_ABOUT_RETURN_TYPE = YES_ERROR;
				GCC_WARN_UNDECLARED_SELECTOR = YES;
				GCC_WARN_UNINITIALIZED_AUTOS = YES_AGGRESSIVE;
				GCC_WARN_UNUSED_FUNCTION = YES;
				GCC_WARN_UNUSED_VARIABLE = YES;
				IPHONEOS_DEPLOYMENT_TARGET = 13.0;
				MTL_ENABLE_DEBUG_INFO = YES;
				ONLY_ACTIVE_ARCH = YES;
				SDKROOT = iphoneos;
				SWIFT_EMIT_LOC_STRINGS = YES;
				SWIFT_OPTIMIZATION_LEVEL = "-Onone";
				TARGETED_DEVICE_FAMILY = "1,2";
			};
			name = Debug;
		};
		5B259CD71D6630E0001D755F /* Release */ = {
			isa = XCBuildConfiguration;
			buildSettings = {
				ALWAYS_SEARCH_USER_PATHS = NO;
				CLANG_ANALYZER_NONNULL = YES;
				CLANG_CXX_LANGUAGE_STANDARD = "gnu++0x";
				CLANG_CXX_LIBRARY = "libc++";
				CLANG_ENABLE_MODULES = YES;
				CLANG_ENABLE_OBJC_ARC = YES;
				CLANG_WARN_BLOCK_CAPTURE_AUTORELEASING = YES;
				CLANG_WARN_BOOL_CONVERSION = YES;
				CLANG_WARN_COMMA = YES;
				CLANG_WARN_CONSTANT_CONVERSION = YES;
				CLANG_WARN_DEPRECATED_OBJC_IMPLEMENTATIONS = YES;
				CLANG_WARN_DIRECT_OBJC_ISA_USAGE = YES_ERROR;
				CLANG_WARN_EMPTY_BODY = YES;
				CLANG_WARN_ENUM_CONVERSION = YES;
				CLANG_WARN_INFINITE_RECURSION = YES;
				CLANG_WARN_INT_CONVERSION = YES;
				CLANG_WARN_NON_LITERAL_NULL_CONVERSION = YES;
				CLANG_WARN_OBJC_IMPLICIT_RETAIN_SELF = YES;
				CLANG_WARN_OBJC_LITERAL_CONVERSION = YES;
				CLANG_WARN_OBJC_ROOT_CLASS = YES_ERROR;
				CLANG_WARN_QUOTED_INCLUDE_IN_FRAMEWORK_HEADER = YES;
				CLANG_WARN_RANGE_LOOP_ANALYSIS = YES;
				CLANG_WARN_STRICT_PROTOTYPES = YES;
				CLANG_WARN_SUSPICIOUS_MOVE = YES;
				CLANG_WARN_UNREACHABLE_CODE = YES;
				CLANG_WARN__DUPLICATE_METHOD_MATCH = YES;
				"CODE_SIGN_IDENTITY[sdk=iphoneos*]" = "";
				COPY_PHASE_STRIP = NO;
				DEBUG_INFORMATION_FORMAT = "dwarf-with-dsym";
				ENABLE_NS_ASSERTIONS = NO;
				ENABLE_STRICT_OBJC_MSGSEND = YES;
				GCC_C_LANGUAGE_STANDARD = gnu99;
				GCC_NO_COMMON_BLOCKS = YES;
				GCC_WARN_64_TO_32_BIT_CONVERSION = YES;
				GCC_WARN_ABOUT_RETURN_TYPE = YES_ERROR;
				GCC_WARN_UNDECLARED_SELECTOR = YES;
				GCC_WARN_UNINITIALIZED_AUTOS = YES_AGGRESSIVE;
				GCC_WARN_UNUSED_FUNCTION = YES;
				GCC_WARN_UNUSED_VARIABLE = YES;
				IPHONEOS_DEPLOYMENT_TARGET = 13.0;
				MTL_ENABLE_DEBUG_INFO = NO;
				SDKROOT = iphoneos;
				SWIFT_COMPILATION_MODE = wholemodule;
				SWIFT_EMIT_LOC_STRINGS = YES;
				TARGETED_DEVICE_FAMILY = "1,2";
				VALIDATE_PRODUCT = YES;
			};
			name = Release;
		};
		5B259CD91D6630E0001D755F /* Debug */ = {
			isa = XCBuildConfiguration;
			buildSettings = {
				ASSETCATALOG_COMPILER_APPICON_NAME = AppIcon;
				CODE_SIGN_IDENTITY = "Apple Development";
				CODE_SIGN_STYLE = Manual;
				DEVELOPMENT_TEAM = "";
				INFOPLIST_FILE = ProductViewer/Info.plist;
				IPHONEOS_DEPLOYMENT_TARGET = 15.0;
				LD_RUNPATH_SEARCH_PATHS = "$(inherited) @executable_path/Frameworks";
				MARKETING_VERSION = 2.3;
				PRODUCT_BUNDLE_IDENTIFIER = com.target.ProductViewer;
				PRODUCT_NAME = "$(TARGET_NAME)";
				PROVISIONING_PROFILE_SPECIFIER = "";
				SUPPORTED_PLATFORMS = "iphoneos iphonesimulator";
				SUPPORTS_MACCATALYST = NO;
				SWIFT_VERSION = 5.0;
				TARGETED_DEVICE_FAMILY = "1,2";
			};
			name = Debug;
		};
		5B259CDA1D6630E0001D755F /* Release */ = {
			isa = XCBuildConfiguration;
			buildSettings = {
				ASSETCATALOG_COMPILER_APPICON_NAME = AppIcon;
				INFOPLIST_FILE = ProductViewer/Info.plist;
				IPHONEOS_DEPLOYMENT_TARGET = 15.0;
				LD_RUNPATH_SEARCH_PATHS = "$(inherited) @executable_path/Frameworks";
				MARKETING_VERSION = 2.3;
				PRODUCT_BUNDLE_IDENTIFIER = com.target.ProductViewer;
				PRODUCT_NAME = "$(TARGET_NAME)";
				SUPPORTED_PLATFORMS = "iphoneos iphonesimulator";
				SUPPORTS_MACCATALYST = NO;
				SWIFT_VERSION = 5.0;
				TARGETED_DEVICE_FAMILY = "1,2";
			};
			name = Release;
		};
		9636D41D27FF77E700FE8106 /* Debug */ = {
			isa = XCBuildConfiguration;
			buildSettings = {
				BUNDLE_LOADER = "$(TEST_HOST)";
				CLANG_ANALYZER_NUMBER_OBJECT_CONVERSION = YES_AGGRESSIVE;
				CLANG_CXX_LANGUAGE_STANDARD = "gnu++17";
				CLANG_ENABLE_OBJC_WEAK = YES;
				CLANG_WARN_DOCUMENTATION_COMMENTS = YES;
				CLANG_WARN_UNGUARDED_AVAILABILITY = YES_AGGRESSIVE;
				CODE_SIGN_STYLE = Automatic;
				CURRENT_PROJECT_VERSION = 1;
				GCC_C_LANGUAGE_STANDARD = gnu11;
				GENERATE_INFOPLIST_FILE = YES;
				IPHONEOS_DEPLOYMENT_TARGET = 15.4;
				MARKETING_VERSION = 1.0;
				MTL_ENABLE_DEBUG_INFO = INCLUDE_SOURCE;
				MTL_FAST_MATH = YES;
				PRODUCT_BUNDLE_IDENTIFIER = com.target.ProductViewerTests;
				PRODUCT_NAME = "$(TARGET_NAME)";
				SWIFT_ACTIVE_COMPILATION_CONDITIONS = DEBUG;
				SWIFT_EMIT_LOC_STRINGS = NO;
				SWIFT_VERSION = 5.0;
				TARGETED_DEVICE_FAMILY = "1,2";
				TEST_HOST = "$(BUILT_PRODUCTS_DIR)/ProductViewer.app/ProductViewer";
			};
			name = Debug;
		};
		9636D41E27FF77E700FE8106 /* Release */ = {
			isa = XCBuildConfiguration;
			buildSettings = {
				BUNDLE_LOADER = "$(TEST_HOST)";
				CLANG_ANALYZER_NUMBER_OBJECT_CONVERSION = YES_AGGRESSIVE;
				CLANG_CXX_LANGUAGE_STANDARD = "gnu++17";
				CLANG_ENABLE_OBJC_WEAK = YES;
				CLANG_WARN_DOCUMENTATION_COMMENTS = YES;
				CLANG_WARN_UNGUARDED_AVAILABILITY = YES_AGGRESSIVE;
				CODE_SIGN_STYLE = Automatic;
				CURRENT_PROJECT_VERSION = 1;
				GCC_C_LANGUAGE_STANDARD = gnu11;
				GENERATE_INFOPLIST_FILE = YES;
				IPHONEOS_DEPLOYMENT_TARGET = 15.4;
				MARKETING_VERSION = 1.0;
				MTL_FAST_MATH = YES;
				PRODUCT_BUNDLE_IDENTIFIER = com.target.ProductViewerTests;
				PRODUCT_NAME = "$(TARGET_NAME)";
				SWIFT_EMIT_LOC_STRINGS = NO;
				SWIFT_OPTIMIZATION_LEVEL = "-O";
				SWIFT_VERSION = 5.0;
				TARGETED_DEVICE_FAMILY = "1,2";
				TEST_HOST = "$(BUILT_PRODUCTS_DIR)/ProductViewer.app/ProductViewer";
			};
			name = Release;
		};
/* End XCBuildConfiguration section */

/* Begin XCConfigurationList section */
		5B259CC11D6630E0001D755F /* Build configuration list for PBXProject "ProductViewer" */ = {
			isa = XCConfigurationList;
			buildConfigurations = (
				5B259CD61D6630E0001D755F /* Debug */,
				5B259CD71D6630E0001D755F /* Release */,
			);
			defaultConfigurationIsVisible = 0;
			defaultConfigurationName = Release;
		};
		5B259CD81D6630E0001D755F /* Build configuration list for PBXNativeTarget "ProductViewer" */ = {
			isa = XCConfigurationList;
			buildConfigurations = (
				5B259CD91D6630E0001D755F /* Debug */,
				5B259CDA1D6630E0001D755F /* Release */,
			);
			defaultConfigurationIsVisible = 0;
			defaultConfigurationName = Release;
		};
		9636D41F27FF77E700FE8106 /* Build configuration list for PBXNativeTarget "ProductViewerTests" */ = {
			isa = XCConfigurationList;
			buildConfigurations = (
				9636D41D27FF77E700FE8106 /* Debug */,
				9636D41E27FF77E700FE8106 /* Release */,
			);
			defaultConfigurationIsVisible = 0;
			defaultConfigurationName = Release;
		};
/* End XCConfigurationList section */
	};
	rootObject = 5B259CBE1D6630E0001D755F /* Project object */;
}
